# This file is automatically @generated by Poetry 1.7.1 and should not be changed by hand.

[[package]]
name = "convertdate"
version = "2.4.0"
description = "Converts between Gregorian dates and other calendar systems"
optional = false
python-versions = "<4,>=3.7"
files = [
    {file = "convertdate-2.4.0-py3-none-any.whl", hash = "sha256:fcffe3a67522172648cf03b0c3757cfd079726fe5ae04ce29989ad3958039e4e"},
    {file = "convertdate-2.4.0.tar.gz", hash = "sha256:770c6b2195544d3e451e230b3f1c9b121ed02680b877f896306a04cf6f26b48f"},
]

[package.dependencies]
pymeeus = ">=0.3.13,<=1"

[package.extras]
dev = ["black", "build", "isort", "pylint"]
docs = ["myst-parser", "sphinx", "sphinx-rtd-theme"]
tests = ["coverage"]

[[package]]
name = "et-xmlfile"
version = "1.1.0"
description = "An implementation of lxml.xmlfile for the standard library"
optional = false
python-versions = ">=3.6"
files = [
    {file = "et_xmlfile-1.1.0-py3-none-any.whl", hash = "sha256:a2ba85d1d6a74ef63837eed693bcb89c3f752169b0e3e7ae5b16ca5e1b3deada"},
    {file = "et_xmlfile-1.1.0.tar.gz", hash = "sha256:8eb9e2bc2f8c97e37a2dc85a09ecdcdec9d8a396530a6d5a33b30b9a92da0c5c"},
]

[[package]]
name = "lunardate"
version = "0.2.2"
description = "A Chinese Calendar Library in Pure Python"
optional = false
python-versions = "*"
files = [
    {file = "lunardate-0.2.2-py3-none-any.whl", hash = "sha256:cf1916337e50470a82df12d885ff47a456e89c91a3ad4e5fdf1575e063a7ed55"},
    {file = "lunardate-0.2.2.tar.gz", hash = "sha256:8ff8c01721bef7710f0712a302b1cb7d0b8b3ffc72a63a9a056cd01e58e5485a"},
]

[[package]]
name = "openpyxl"
version = "3.1.2"
description = "A Python library to read/write Excel 2010 xlsx/xlsm files"
optional = false
python-versions = ">=3.6"
files = [
    {file = "openpyxl-3.1.2-py2.py3-none-any.whl", hash = "sha256:f91456ead12ab3c6c2e9491cf33ba6d08357d802192379bb482f1033ade496f5"},
    {file = "openpyxl-3.1.2.tar.gz", hash = "sha256:a6f5977418eff3b2d5500d54d9db50c8277a368436f4e4f8ddb1be3422870184"},
]

[package.dependencies]
et-xmlfile = "*"

[[package]]
name = "pyluach"
version = "2.2.0"
description = "A Python package for dealing with Hebrew (Jewish) calendar dates."
optional = false
python-versions = ">=3.7"
files = [
    {file = "pyluach-2.2.0-py3-none-any.whl", hash = "sha256:d1eb49d6292087e9290f4661ae01b60c8c933704ec8c9cef82673b349ff96adf"},
    {file = "pyluach-2.2.0.tar.gz", hash = "sha256:9063a25387cd7624276fd0656508bada08aa8a6f22e8db352844cd858e69012b"},
]

[package.extras]
doc = ["sphinx (>=6.1.3,<6.2.0)", "sphinx_rtd_theme (>=1.2.0,<1.3.0)"]
test = ["beautifulsoup4", "flake8", "pytest", "pytest-cov"]

[[package]]
name = "pymeeus"
version = "0.5.12"
description = "Python implementation of Jean Meeus astronomical routines"
optional = false
python-versions = "*"
files = [
    {file = "PyMeeus-0.5.12.tar.gz", hash = "sha256:548f7186bd8b96cbc069cf649a8e8e377dce49ac74486709849fe63a99cad684"},
]

[[package]]
name = "python-dateutil"
version = "2.8.2"
description = "Extensions to the standard Python datetime module"
optional = false
python-versions = "!=3.0.*,!=3.1.*,!=3.2.*,>=2.7"
files = [
    {file = "python-dateutil-2.8.2.tar.gz", hash = "sha256:0123cacc1627ae19ddf3c27a5de5bd67ee4586fbdd6440d9748f8abb483d3e86"},
    {file = "python_dateutil-2.8.2-py2.py3-none-any.whl", hash = "sha256:961d03dc3453ebbc59dbdea9e4e11c5651520a876d0f4db161e8674aae935da9"},
]

[package.dependencies]
six = ">=1.5"

[[package]]
name = "six"
version = "1.16.0"
description = "Python 2 and 3 compatibility utilities"
optional = false
python-versions = ">=2.7, !=3.0.*, !=3.1.*, !=3.2.*"
files = [
    {file = "six-1.16.0-py2.py3-none-any.whl", hash = "sha256:8abb2f1d86890a2dfb989f9a77cfcfd3e47c2a354b01111771326f8aa26e0254"},
    {file = "six-1.16.0.tar.gz", hash = "sha256:1e61c37477a1626458e36f7b1d82aa5c9b094fa4802892072e49de9c60c4c926"},
]

[[package]]
name = "tzdata"
version = "2024.1"
description = "Provider of IANA time zone data"
optional = false
python-versions = ">=2"
files = [
    {file = "tzdata-2024.1-py2.py3-none-any.whl", hash = "sha256:9068bc196136463f5245e51efda838afa15aaeca9903f49050dfa2679db4d252"},
    {file = "tzdata-2024.1.tar.gz", hash = "sha256:2674120f8d891909751c38abcdfd386ac0a5a1127954fbc332af6b5ceae07efd"},
]

[[package]]
name = "workalendar"
version = "17.0.0"
description = "Worldwide holidays and working days helper and toolkit."
optional = false
python-versions = ">=3.7"
files = [
    {file = "workalendar-17.0.0-py3-none-any.whl", hash = "sha256:8fe1d6758f9a1af05d59cb81480afb912246ec7fa46e246b909897127cdbb1b0"},
    {file = "workalendar-17.0.0.tar.gz", hash = "sha256:b82d6024aed452505b01baf06dbe8d6309a3135ff1d39dee07c31b21ece853b4"},
]

[package.dependencies]
convertdate = "*"
lunardate = "*"
pyluach = "*"
python-dateutil = "*"
tzdata = {version = "*", markers = "platform_system == \"Windows\""}

[package.extras]
astronomy = ["skyfield", "skyfield-data"]

[metadata]
lock-version = "2.0"
python-versions = "^3.12"
content-hash = "e6c2c06d6077673b0a7d87bf1cb53b37083638970bb8066bd2acb37c9a7f3cfd"
